
Microsoft Visual Studio Solution File, Format Version 10.00
# Visual Studio 2008
Project("{8BC9CEB8-8B4A-11D0-8D11-00A0C91BC942}") = "LR3_Stack", "LR3_Stack\LR3_Stack.vcproj", "{F87AED13-9A7B-446D-B7E7-5E0CDD8BF1B4}"
EndProject
Global
	GlobalSection(SolutionConfigurationPlatforms) = preSolution
		Debug|Win32 = Debug|Win32
		Release|Win32 = Release|Win32
	EndGlobalSection
	GlobalSection(ProjectConfigurationPlatforms) = postSolution
		{F87AED13-9A7B-446D-B7E7-5E0CDD8BF1B4}.Debug|Win32.ActiveCfg = Debug|Win32
		{F87AED13-9A7B-446D-B7E7-5E0CDD8BF1B4}.Debug|Win32.Build.0 = Debug|Win32
		{F87AED13-9A7B-446D-B7E7-5E0CDD8BF1B4}.Release|Win32.ActiveCfg = Release|Win32
		{F87AED13-9A7B-446D-B7E7-5E0CDD8BF1B4}.Release|Win32.Build.0 = Release|Win32
	EndGlobalSection
	GlobalSection(SolutionProperties) = preSolution
		HideSolutionNode = FALSE
	EndGlobalSection
EndGlobal
